// !$*UTF8*$!
{
	archiveVersion = 1;
	classes = {
	};
	objectVersion = 50;
	objects = {

/* Begin PBXBuildFile section */
		AAB459FD2123739C007B7FFC /* AppDelegate.swift in Sources */ = {isa = PBXBuildFile; fileRef = AAB459FC2123739C007B7FFC /* AppDelegate.swift */; };
		AAB459FF2123739C007B7FFC /* BouncerVC.swift in Sources */ = {isa = PBXBuildFile; fileRef = AAB459FE2123739C007B7FFC /* BouncerVC.swift */; };
		AAB45A022123739C007B7FFC /* Main.storyboard in Resources */ = {isa = PBXBuildFile; fileRef = AAB45A002123739C007B7FFC /* Main.storyboard */; };
		AAB45A042123739D007B7FFC /* Assets.xcassets in Resources */ = {isa = PBXBuildFile; fileRef = AAB45A032123739D007B7FFC /* Assets.xcassets */; };
		AAB45A072123739D007B7FFC /* LaunchScreen.storyboard in Resources */ = {isa = PBXBuildFile; fileRef = AAB45A052123739D007B7FFC /* LaunchScreen.storyboard */; };
		AAB45A0F212374E2007B7FFC /* Constants.swift in Sources */ = {isa = PBXBuildFile; fileRef = AAB45A0E212374E2007B7FFC /* Constants.swift */; };
/* End PBXBuildFile section */

/* Begin PBXFileReference section */
		AAB459F92123739C007B7FFC /* SwiftyBouncer.app */ = {isa = PBXFileReference; explicitFileType = wrapper.application; includeInIndex = 0; path = SwiftyBouncer.app; sourceTree = BUILT_PRODUCTS_DIR; };
		AAB459FC2123739C007B7FFC /* AppDelegate.swift */ = {isa = PBXFileReference; lastKnownFileType = sourcecode.swift; path = AppDelegate.swift; sourceTree = "<group>"; };
		AAB459FE2123739C007B7FFC /* BouncerVC.swift */ = {isa = PBXFileReference; lastKnownFileType = sourcecode.swift; path = BouncerVC.swift; sourceTree = "<group>"; };
		AAB45A012123739C007B7FFC /* Base */ = {isa = PBXFileReference; lastKnownFileType = file.storyboard; name = Base; path = Base.lproj/Main.storyboard; sourceTree = "<group>"; };
		AAB45A032123739D007B7FFC /* Assets.xcassets */ = {isa = PBXFileReference; lastKnownFileType = folder.assetcatalog; path = Assets.xcassets; sourceTree = "<group>"; };
		AAB45A062123739D007B7FFC /* Base */ = {isa = PBXFileReference; lastKnownFileType = file.storyboard; name = Base; path = Base.lproj/LaunchScreen.storyboard; sourceTree = "<group>"; };
		AAB45A082123739D007B7FFC /* Info.plist */ = {isa = PBXFileReference; lastKnownFileType = text.plist.xml; path = Info.plist; sourceTree = "<group>"; };
		AAB45A0E212374E2007B7FFC /* Constants.swift */ = {isa = PBXFileReference; lastKnownFileType = sourcecode.swift; path = Constants.swift; sourceTree = "<group>"; };
/* End PBXFileReference section */

/* Begin PBXFrameworksBuildPhase section */
		AAB459F62123739C007B7FFC /* Frameworks */ = {
			isa = PBXFrameworksBuildPhase;
			buildActionMask = 2147483647;
			files = (
			);
			runOnlyForDeploymentPostprocessing = 0;
		};
/* End PBXFrameworksBuildPhase section */

/* Begin PBXGroup section */
		AAB459F02123739C007B7FFC = {
			isa = PBXGroup;
			children = (
				AAB459FB2123739C007B7FFC /* SwiftyBouncer */,
				AAB459FA2123739C007B7FFC /* Products */,
			);
			sourceTree = "<group>";
		};
		AAB459FA2123739C007B7FFC /* Products */ = {
			isa = PBXGroup;
			children = (
				AAB459F92123739C007B7FFC /* SwiftyBouncer.app */,
			);
			name = Products;
			sourceTree = "<group>";
		};
		AAB459FB2123739C007B7FFC /* SwiftyBouncer */ = {
			isa = PBXGroup;
			children = (
				AAB459FC2123739C007B7FFC /* AppDelegate.swift */,
				AAB459FE2123739C007B7FFC /* BouncerVC.swift */,
				AAB45A0E212374E2007B7FFC /* Constants.swift */,
				AAB45A002123739C007B7FFC /* Main.storyboard */,
				AAB45A032123739D007B7FFC /* Assets.xcassets */,
				AAB45A052123739D007B7FFC /* LaunchScreen.storyboard */,
				AAB45A082123739D007B7FFC /* Info.plist */,
			);
			path = SwiftyBouncer;
			sourceTree = "<group>";
		};
/* End PBXGroup section */

/* Begin PBXNativeTarget section */
		AAB459F82123739C007B7FFC /* SwiftyBouncer */ = {
			isa = PBXNativeTarget;
			buildConfigurationList = AAB45A0B2123739D007B7FFC /* Build configuration list for PBXNativeTarget "SwiftyBouncer" */;
			buildPhases = (
				AAB459F52123739C007B7FFC /* Sources */,
				AAB459F62123739C007B7FFC /* Frameworks */,
				AAB459F72123739C007B7FFC /* Resources */,
			);
			buildRules = (
			);
			dependencies = (
			);
			name = SwiftyBouncer;
			productName = SwiftyBouncer;
			productReference = AAB459F92123739C007B7FFC /* SwiftyBouncer.app */;
			productType = "com.apple.product-type.application";
		};
/* End PBXNativeTarget section */

/* Begin PBXProject section */
		AAB459F12123739C007B7FFC /* Project object */ = {
			isa = PBXProject;
			attributes = {
				LastSwiftUpdateCheck = 0940;
				LastUpgradeCheck = 0940;
				ORGANIZATIONNAME = "Robert Sellers";
				TargetAttributes = {
					AAB459F82123739C007B7FFC = {
						CreatedOnToolsVersion = 9.4.1;
					};
				};
			};
			buildConfigurationList = AAB459F42123739C007B7FFC /* Build configuration list for PBXProject "SwiftyBouncer" */;
			compatibilityVersion = "Xcode 9.3";
			developmentRegion = en;
			hasScannedForEncodings = 0;
			knownRegions = (
				en,
				Base,
			);
			mainGroup = AAB459F02123739C007B7FFC;
			productRefGroup = AAB459FA2123739C007B7FFC /* Products */;
			projectDirPath = "";
			projectRoot = "";
			targets = (
				AAB459F82123739C007B7FFC /* SwiftyBouncer */,
			);
		};
/* End PBXProject section */

/* Begin PBXResourcesBuildPhase section */
		AAB459F72123739C007B7FFC /* Resources */ = {
			isa = PBXResourcesBuildPhase;
			buildActionMask = 2147483647;
			files = (
				AAB45A072123739D007B7FFC /* LaunchScreen.storyboard in Resources */,
				AAB45A042123739D007B7FFC /* Assets.xcassets in Resources */,
				AAB45A022123739C007B7FFC /* Main.storyboard in Resources */,
			);
			runOnlyForDeploymentPostprocessing = 0;
		};
/* End PBXResourcesBuildPhase section */

/* Begin PBXSourcesBuildPhase section */
		AAB459F52123739C007B7FFC /* Sources */ = {
			isa = PBXSourcesBuildPhase;
			buildActionMask = 2147483647;
			files = (
				AAB459FF2123739C007B7FFC /* BouncerVC.swift in Sources */,
				AAB459FD2123739C007B7FFC /* AppDelegate.swift in Sources */,
				AAB45A0F212374E2007B7FFC /* Constants.swift in Sources */,
			);
			runOnlyForDeploymentPostprocessing = 0;
		};
/* End PBXSourcesBuildPhase section */

/* Begin PBXVariantGroup section */
		AAB45A002123739C007B7FFC /* Main.storyboard */ = {
			isa = PBXVariantGroup;
			children = (
				AAB45A012123739C007B7FFC /* Base */,
			);
			name = Main.storyboard;
			sourceTree = "<group>";
		};
		AAB45A052123739D007B7FFC /* LaunchScreen.storyboard */ = {
			isa = PBXVariantGroup;
			children = (
				AAB45A062123739D007B7FFC /* Base */,
			);
			name = LaunchScreen.storyboard;
			sourceTree = "<group>";
		};
/* End PBXVariantGroup section */

/* Begin XCBuildConfiguration section */
		AAB45A092123739D007B7FFC /* Debug */ = {
			isa = XCBuildConfiguration;
			buildSettings = {
				ALWAYS_SEARCH_USER_PATHS = NO;
				CLANG_ANALYZER_NONNULL = YES;
				CLANG_ANALYZER_NUMBER_OBJECT_CONVERSION = YES_AGGRESSIVE;
				CLANG_CXX_LANGUAGE_STANDARD = "gnu++14";
				CLANG_CXX_LIBRARY = "libc++";
				CLANG_ENABLE_MODULES = YES;
				CLANG_ENABLE_OBJC_ARC = YES;
				CLANG_ENABLE_OBJC_WEAK = YES;
				CLANG_WARN_BLOCK_CAPTURE_AUTORELEASING = YES;
				CLANG_WARN_BOOL_CONVERSION = YES;
				CLANG_WARN_COMMA = YES;
				CLANG_WARN_CONSTANT_CONVERSION = YES;
				CLANG_WARN_DEPRECATED_OBJC_IMPLEMENTATIONS = YES;
				CLANG_WARN_DIRECT_OBJC_ISA_USAGE = YES_ERROR;
				CLANG_WARN_DOCUMENTATION_COMMENTS = YES;
				CLANG_WARN_EMPTY_BODY = YES;
				CLANG_WARN_ENUM_CONVERSION = YES;
				CLANG_WARN_INFINITE_RECURSION = YES;
				CLANG_WARN_INT_CONVERSION = YES;
				CLANG_WARN_NON_LITERAL_NULL_CONVERSION = YES;
				CLANG_WARN_OBJC_IMPLICIT_RETAIN_SELF = YES;
				CLANG_WARN_OBJC_LITERAL_CONVERSION = YES;
				CLANG_WARN_OBJC_ROOT_CLASS = YES_ERROR;
				CLANG_WARN_RANGE_LOOP_ANALYSIS = YES;
				CLANG_WARN_STRICT_PROTOTYPES = YES;
				CLANG_WARN_SUSPICIOUS_MOVE = YES;
				CLANG_WARN_UNGUARDED_AVAILABILITY = YES_AGGRESSIVE;
				CLANG_WARN_UNREACHABLE_CODE = YES;
				CLANG_WARN__DUPLICATE_METHOD_MATCH = YES;
				CODE_SIGN_IDENTITY = "iPhone Developer";
				COPY_PHASE_STRIP = NO;
				DEBUG_INFORMATION_FORMAT = dwarf;
				ENABLE_STRICT_OBJC_MSGSEND = YES;
				ENABLE_TESTABILITY = YES;
				GCC_C_LANGUAGE_STANDARD = gnu11;
				GCC_DYNAMIC_NO_PIC = NO;
				GCC_NO_COMMON_BLOCKS = YES;
				GCC_OPTIMIZATION_LEVEL = 0;
				GCC_PREPROCESSOR_DEFINITIONS = (
					"DEBUG=1",
					"$(inherited)",
				);
				GCC_WARN_64_TO_32_BIT_CONVERSION = YES;
				GCC_WARN_ABOUT_RETURN_TYPE = YES_ERROR;
				GCC_WARN_UNDECLARED_SELECTOR = YES;
				GCC_WARN_UNINITIALIZED_AUTOS = YES_AGGRESSIVE;
				GCC_WARN_UNUSED_FUNCTION = YES;
				GCC_WARN_UNUSED_VARIABLE = YES;
				IPHONEOS_DEPLOYMENT_TARGET = 11.4;
				MTL_ENABLE_DEBUG_INFO = YES;
				ONLY_ACTIVE_ARCH = YES;
				SDKROOT = iphoneos;
				SWIFT_ACTIVE_COMPILATION_CONDITIONS = DEBUG;
				SWIFT_OPTIMIZATION_LEVEL = "-Onone";
			};
			name = Debug;
		};
		AAB45A0A2123739D007B7FFC /* Release */ = {
			isa = XCBuildConfiguration;
			buildSettings = {
				ALWAYS_SEARCH_USER_PATHS = NO;
				CLANG_ANALYZER_NONNULL = YES;
				CLANG_ANALYZER_NUMBER_OBJECT_CONVERSION = YES_AGGRESSIVE;
				CLANG_CXX_LANGUAGE_STANDARD = "gnu++14";
				CLANG_CXX_LIBRARY = "libc++";
				CLANG_ENABLE_MODULES = YES;
				CLANG_ENABLE_OBJC_ARC = YES;
				CLANG_ENABLE_OBJC_WEAK = YES;
				CLANG_WARN_BLOCK_CAPTURE_AUTORELEASING = YES;
				CLANG_WARN_BOOL_CONVERSION = YES;
				CLANG_WARN_COMMA = YES;
				CLANG_WARN_CONSTANT_CONVERSION = YES;
				CLANG_WARN_DEPRECATED_OBJC_IMPLEMENTATIONS = YES;
				CLANG_WARN_DIRECT_OBJC_ISA_USAGE = YES_ERROR;
				CLANG_WARN_DOCUMENTATION_COMMENTS = YES;
				CLANG_WARN_EMPTY_BODY = YES;
				CLANG_WARN_ENUM_CONVERSION = YES;
				CLANG_WARN_INFINITE_RECURSION = YES;
				CLANG_WARN_INT_CONVERSION = YES;
				CLANG_WARN_NON_LITERAL_NULL_CONVERSION = YES;
				CLANG_WARN_OBJC_IMPLICIT_RETAIN_SELF = YES;
				CLANG_WARN_OBJC_LITERAL_CONVERSION = YES;
				CLANG_WARN_OBJC_ROOT_CLASS = YES_ERROR;
				CLANG_WARN_RANGE_LOOP_ANALYSIS = YES;
				CLANG_WARN_STRICT_PROTOTYPES = YES;
				CLANG_WARN_SUSPICIOUS_MOVE = YES;
				CLANG_WARN_UNGUARDED_AVAILABILITY = YES_AGGRESSIVE;
				CLANG_WARN_UNREACHABLE_CODE = YES;
				CLANG_WARN__DUPLICATE_METHOD_MATCH = YES;
				CODE_SIGN_IDENTITY = "iPhone Developer";
				COPY_PHASE_STRIP = NO;
				DEBUG_INFORMATION_FORMAT = "dwarf-with-dsym";
				ENABLE_NS_ASSERTIONS = NO;
				ENABLE_STRICT_OBJC_MSGSEND = YES;
				GCC_C_LANGUAGE_STANDARD = gnu11;
				GCC_NO_COMMON_BLOCKS = YES;
				GCC_WARN_64_TO_32_BIT_CONVERSION = YES;
				GCC_WARN_ABOUT_RETURN_TYPE = YES_ERROR;
				GCC_WARN_UNDECLARED_SELECTOR = YES;
				GCC_WARN_UNINITIALIZED_AUTOS = YES_AGGRESSIVE;
				GCC_WARN_UNUSED_FUNCTION = YES;
				GCC_WARN_UNUSED_VARIABLE = YES;
				IPHONEOS_DEPLOYMENT_TARGET = 11.4;
				MTL_ENABLE_DEBUG_INFO = NO;
				SDKROOT = iphoneos;
				SWIFT_COMPILATION_MODE = wholemodule;
				SWIFT_OPTIMIZATION_LEVEL = "-O";
				VALIDATE_PRODUCT = YES;
			};
			name = Release;
		};
		AAB45A0C2123739D007B7FFC /* Debug */ = {
			isa = XCBuildConfiguration;
			buildSettings = {
				ASSETCATALOG_COMPILER_APPICON_NAME = AppIcon;
				CODE_SIGN_STYLE = Automatic;
				DEVELOPMENT_TEAM = 869YR66HM8;
				INFOPLIST_FILE = SwiftyBouncer/Info.plist;
				LD_RUNPATH_SEARCH_PATHS = (
					"$(inherited)",
					"@executable_path/Frameworks",
				);
				PRODUCT_BUNDLE_IDENTIFIER = rdstest.SwiftyBouncer;
				PRODUCT_NAME = "$(TARGET_NAME)";
				SWIFT_VERSION = 4.0;
				TARGETED_DEVICE_FAMILY = "1,2";
			};
			name = Debug;
		};
		AAB45A0D2123739D007B7FFC /* Release */ = {
			isa = XCBuildConfiguration;
			buildSettings = {
				ASSETCATALOG_COMPILER_APPICON_NAME = AppIcon;
				CODE_SIGN_STYLE = Automatic;
				DEVELOPMENT_TEAM = 869YR66HM8;
				INFOPLIST_FILE = SwiftyBouncer/Info.plist;
				LD_RUNPATH_SEARCH_PATHS = (
					"$(inherited)",
					"@executable_path/Frameworks",
				);
				PRODUCT_BUNDLE_IDENTIFIER = rdstest.SwiftyBouncer;
				PRODUCT_NAME = "$(TARGET_NAME)";
				SWIFT_VERSION = 4.0;
				TARGETED_DEVICE_FAMILY = "1,2";
			};
			name = Release;
		};
/* End XCBuildConfiguration section */

/* Begin XCConfigurationList section */
		AAB459F42123739C007B7FFC /* Build configuration list for PBXProject "SwiftyBouncer" */ = {
			isa = XCConfigurationList;
			buildConfigurations = (
				AAB45A092123739D007B7FFC /* Debug */,
				AAB45A0A2123739D007B7FFC /* Release */,
			);
			defaultConfigurationIsVisible = 0;
			defaultConfigurationName = Release;
		};
		AAB45A0B2123739D007B7FFC /* Build configuration list for PBXNativeTarget "SwiftyBouncer" */ = {
			isa = XCConfigurationList;
			buildConfigurations = (
				AAB45A0C2123739D007B7FFC /* Debug */,
				AAB45A0D2123739D007B7FFC /* Release */,
			);
			defaultConfigurationIsVisible = 0;
			defaultConfigurationName = Release;
		};
/* End XCConfigurationList section */
	};
	rootObject = AAB459F12123739C007B7FFC /* Project object */;
}
